// !$*UTF8*$!
{
	archiveVersion = 1;
	classes = {
	};
	objectVersion = 46;
	objects = {

/* Begin PBXBuildFile section */
		75F1F3AC1E9E0D1F0040943A /* AppDelegate.swift in Sources */ = {isa = PBXBuildFile; fileRef = 75F1F3AB1E9E0D1F0040943A /* AppDelegate.swift */; };
		75F1F3AE1E9E0D1F0040943A /* ViewController.swift in Sources */ = {isa = PBXBuildFile; fileRef = 75F1F3AD1E9E0D1F0040943A /* ViewController.swift */; };
		75F1F3B11E9E0D1F0040943A /* Main.storyboard in Resources */ = {isa = PBXBuildFile; fileRef = 75F1F3AF1E9E0D1F0040943A /* Main.storyboard */; };
		75F1F3B31E9E0D1F0040943A /* Assets.xcassets in Resources */ = {isa = PBXBuildFile; fileRef = 75F1F3B21E9E0D1F0040943A /* Assets.xcassets */; };
		75F1F3B61E9E0D1F0040943A /* LaunchScreen.storyboard in Resources */ = {isa = PBXBuildFile; fileRef = 75F1F3B41E9E0D1F0040943A /* LaunchScreen.storyboard */; };
/* End PBXBuildFile section */

/* Begin PBXFileReference section */
		75F1F3A81E9E0D1F0040943A /* Canvas2.app */ = {isa = PBXFileReference; explicitFileType = wrapper.application; includeInIndex = 0; path = Canvas2.app; sourceTree = BUILT_PRODUCTS_DIR; };
		75F1F3AB1E9E0D1F0040943A /* AppDelegate.swift */ = {isa = PBXFileReference; lastKnownFileType = sourcecode.swift; path = AppDelegate.swift; sourceTree = "<group>"; };
		75F1F3AD1E9E0D1F0040943A /* ViewController.swift */ = {isa = PBXFileReference; lastKnownFileType = sourcecode.swift; path = ViewController.swift; sourceTree = "<group>"; };
		75F1F3B01E9E0D1F0040943A /* Base */ = {isa = PBXFileReference; lastKnownFileType = file.storyboard; name = Base; path = Base.lproj/Main.storyboard; sourceTree = "<group>"; };
		75F1F3B21E9E0D1F0040943A /* Assets.xcassets */ = {isa = PBXFileReference; lastKnownFileType = folder.assetcatalog; path = Assets.xcassets; sourceTree = "<group>"; };
		75F1F3B51E9E0D1F0040943A /* Base */ = {isa = PBXFileReference; lastKnownFileType = file.storyboard; name = Base; path = Base.lproj/LaunchScreen.storyboard; sourceTree = "<group>"; };
		75F1F3B71E9E0D1F0040943A /* Info.plist */ = {isa = PBXFileReference; lastKnownFileType = text.plist.xml; path = Info.plist; sourceTree = "<group>"; };
/* End PBXFileReference section */

/* Begin PBXFrameworksBuildPhase section */
		75F1F3A51E9E0D1F0040943A /* Frameworks */ = {
			isa = PBXFrameworksBuildPhase;
			buildActionMask = 2147483647;
			files = (
			);
			runOnlyForDeploymentPostprocessing = 0;
		};
/* End PBXFrameworksBuildPhase section */

/* Begin PBXGroup section */
		75F1F39F1E9E0D1F0040943A = {
			isa = PBXGroup;
			children = (
				75F1F3AA1E9E0D1F0040943A /* Canvas2 */,
				75F1F3A91E9E0D1F0040943A /* Products */,
			);
			sourceTree = "<group>";
		};
		75F1F3A91E9E0D1F0040943A /* Products */ = {
			isa = PBXGroup;
			children = (
				75F1F3A81E9E0D1F0040943A /* Canvas2.app */,
			);
			name = Products;
			sourceTree = "<group>";
		};
		75F1F3AA1E9E0D1F0040943A /* Canvas2 */ = {
			isa = PBXGroup;
			children = (
				75F1F3AB1E9E0D1F0040943A /* AppDelegate.swift */,
				75F1F3AD1E9E0D1F0040943A /* ViewController.swift */,
				75F1F3AF1E9E0D1F0040943A /* Main.storyboard */,
				75F1F3B21E9E0D1F0040943A /* Assets.xcassets */,
				75F1F3B41E9E0D1F0040943A /* LaunchScreen.storyboard */,
				75F1F3B71E9E0D1F0040943A /* Info.plist */,
			);
			path = Canvas2;
			sourceTree = "<group>";
		};
/* End PBXGroup section */

/* Begin PBXNativeTarget section */
		75F1F3A71E9E0D1F0040943A /* Canvas2 */ = {
			isa = PBXNativeTarget;
			buildConfigurationList = 75F1F3BA1E9E0D1F0040943A /* Build configuration list for PBXNativeTarget "Canvas2" */;
			buildPhases = (
				75F1F3A41E9E0D1F0040943A /* Sources */,
				75F1F3A51E9E0D1F0040943A /* Frameworks */,
				75F1F3A61E9E0D1F0040943A /* Resources */,
			);
			buildRules = (
			);
			dependencies = (
			);
			name = Canvas2;
			productName = Canvas2;
			productReference = 75F1F3A81E9E0D1F0040943A /* Canvas2.app */;
			productType = "com.apple.product-type.application";
		};
/* End PBXNativeTarget section */

/* Begin PBXProject section */
		75F1F3A01E9E0D1F0040943A /* Project object */ = {
			isa = PBXProject;
			attributes = {
				LastSwiftUpdateCheck = 0820;
				LastUpgradeCheck = 0820;
				ORGANIZATIONNAME = Richard;
				TargetAttributes = {
					75F1F3A71E9E0D1F0040943A = {
						CreatedOnToolsVersion = 8.2.1;
						ProvisioningStyle = Automatic;
					};
				};
			};
			buildConfigurationList = 75F1F3A31E9E0D1F0040943A /* Build configuration list for PBXProject "Canvas2" */;
			compatibilityVersion = "Xcode 3.2";
			developmentRegion = English;
			hasScannedForEncodings = 0;
			knownRegions = (
				en,
				Base,
			);
			mainGroup = 75F1F39F1E9E0D1F0040943A;
			productRefGroup = 75F1F3A91E9E0D1F0040943A /* Products */;
			projectDirPath = "";
			projectRoot = "";
			targets = (
				75F1F3A71E9E0D1F0040943A /* Canvas2 */,
			);
		};
/* End PBXProject section */

/* Begin PBXResourcesBuildPhase section */
		75F1F3A61E9E0D1F0040943A /* Resources */ = {
			isa = PBXResourcesBuildPhase;
			buildActionMask = 2147483647;
			files = (
				75F1F3B61E9E0D1F0040943A /* LaunchScreen.storyboard in Resources */,
				75F1F3B31E9E0D1F0040943A /* Assets.xcassets in Resources */,
				75F1F3B11E9E0D1F0040943A /* Main.storyboard in Resources */,
			);
			runOnlyForDeploymentPostprocessing = 0;
		};
/* End PBXResourcesBuildPhase section */

/* Begin PBXSourcesBuildPhase section */
		75F1F3A41E9E0D1F0040943A /* Sources */ = {
			isa = PBXSourcesBuildPhase;
			buildActionMask = 2147483647;
			files = (
				75F1F3AE1E9E0D1F0040943A /* ViewController.swift in Sources */,
				75F1F3AC1E9E0D1F0040943A /* AppDelegate.swift in Sources */,
			);
			runOnlyForDeploymentPostprocessing = 0;
		};
/* End PBXSourcesBuildPhase section */

/* Begin PBXVariantGroup section */
		75F1F3AF1E9E0D1F0040943A /* Main.storyboard */ = {
			isa = PBXVariantGroup;
			children = (
				75F1F3B01E9E0D1F0040943A /* Base */,
			);
			name = Main.storyboard;
			sourceTree = "<group>";
		};
		75F1F3B41E9E0D1F0040943A /* LaunchScreen.storyboard */ = {
			isa = PBXVariantGroup;
			children = (
				75F1F3B51E9E0D1F0040943A /* Base */,
			);
			name = LaunchScreen.storyboard;
			sourceTree = "<group>";
		};
/* End PBXVariantGroup section */

/* Begin XCBuildConfiguration section */
		75F1F3B81E9E0D1F0040943A /* Debug */ = {
			isa = XCBuildConfiguration;
			buildSettings = {
				ALWAYS_SEARCH_USER_PATHS = NO;
				CLANG_ANALYZER_NONNULL = YES;
				CLANG_CXX_LANGUAGE_STANDARD = "gnu++0x";
				CLANG_CXX_LIBRARY = "libc++";
				CLANG_ENABLE_MODULES = YES;
				CLANG_ENABLE_OBJC_ARC = YES;
				CLANG_WARN_BOOL_CONVERSION = YES;
				CLANG_WARN_CONSTANT_CONVERSION = YES;
				CLANG_WARN_DIRECT_OBJC_ISA_USAGE = YES_ERROR;
				CLANG_WARN_DOCUMENTATION_COMMENTS = YES;
				CLANG_WARN_EMPTY_BODY = YES;
				CLANG_WARN_ENUM_CONVERSION = YES;
				CLANG_WARN_INFINITE_RECURSION = YES;
				CLANG_WARN_INT_CONVERSION = YES;
				CLANG_WARN_OBJC_ROOT_CLASS = YES_ERROR;
				CLANG_WARN_SUSPICIOUS_MOVE = YES;
				CLANG_WARN_UNREACHABLE_CODE = YES;
				CLANG_WARN__DUPLICATE_METHOD_MATCH = YES;
				"CODE_SIGN_IDENTITY[sdk=iphoneos*]" = "iPhone Developer";
				COPY_PHASE_STRIP = NO;
				DEBUG_INFORMATION_FORMAT = dwarf;
				ENABLE_STRICT_OBJC_MSGSEND = YES;
				ENABLE_TESTABILITY = YES;
				GCC_C_LANGUAGE_STANDARD = gnu99;
				GCC_DYNAMIC_NO_PIC = NO;
				GCC_NO_COMMON_BLOCKS = YES;
				GCC_OPTIMIZATION_LEVEL = 0;
				GCC_PREPROCESSOR_DEFINITIONS = (
					"DEBUG=1",
					"$(inherited)",
				);
				GCC_WARN_64_TO_32_BIT_CONVERSION = YES;
				GCC_WARN_ABOUT_RETURN_TYPE = YES_ERROR;
				GCC_WARN_UNDECLARED_SELECTOR = YES;
				GCC_WARN_UNINITIALIZED_AUTOS = YES_AGGRESSIVE;
				GCC_WARN_UNUSED_FUNCTION = YES;
				GCC_WARN_UNUSED_VARIABLE = YES;
				IPHONEOS_DEPLOYMENT_TARGET = 10.2;
				MTL_ENABLE_DEBUG_INFO = YES;
				ONLY_ACTIVE_ARCH = YES;
				SDKROOT = iphoneos;
				SWIFT_ACTIVE_COMPILATION_CONDITIONS = DEBUG;
				SWIFT_OPTIMIZATION_LEVEL = "-Onone";
				TARGETED_DEVICE_FAMILY = "1,2";
			};
			name = Debug;
		};
		75F1F3B91E9E0D1F0040943A /* Release */ = {
			isa = XCBuildConfiguration;
			buildSettings = {
				ALWAYS_SEARCH_USER_PATHS = NO;
				CLANG_ANALYZER_NONNULL = YES;
				CLANG_CXX_LANGUAGE_STANDARD = "gnu++0x";
				CLANG_CXX_LIBRARY = "libc++";
				CLANG_ENABLE_MODULES = YES;
				CLANG_ENABLE_OBJC_ARC = YES;
				CLANG_WARN_BOOL_CONVERSION = YES;
				CLANG_WARN_CONSTANT_CONVERSION = YES;
				CLANG_WARN_DIRECT_OBJC_ISA_USAGE = YES_ERROR;
				CLANG_WARN_DOCUMENTATION_COMMENTS = YES;
				CLANG_WARN_EMPTY_BODY = YES;
				CLANG_WARN_ENUM_CONVERSION = YES;
				CLANG_WARN_INFINITE_RECURSION = YES;
				CLANG_WARN_INT_CONVERSION = YES;
				CLANG_WARN_OBJC_ROOT_CLASS = YES_ERROR;
				CLANG_WARN_SUSPICIOUS_MOVE = YES;
				CLANG_WARN_UNREACHABLE_CODE = YES;
				CLANG_WARN__DUPLICATE_METHOD_MATCH = YES;
				"CODE_SIGN_IDENTITY[sdk=iphoneos*]" = "iPhone Developer";
				COPY_PHASE_STRIP = NO;
				DEBUG_INFORMATION_FORMAT = "dwarf-with-dsym";
				ENABLE_NS_ASSERTIONS = NO;
				ENABLE_STRICT_OBJC_MSGSEND = YES;
				GCC_C_LANGUAGE_STANDARD = gnu99;
				GCC_NO_COMMON_BLOCKS = YES;
				GCC_WARN_64_TO_32_BIT_CONVERSION = YES;
				GCC_WARN_ABOUT_RETURN_TYPE = YES_ERROR;
				GCC_WARN_UNDECLARED_SELECTOR = YES;
				GCC_WARN_UNINITIALIZED_AUTOS = YES_AGGRESSIVE;
				GCC_WARN_UNUSED_FUNCTION = YES;
				GCC_WARN_UNUSED_VARIABLE = YES;
				IPHONEOS_DEPLOYMENT_TARGET = 10.2;
				MTL_ENABLE_DEBUG_INFO = NO;
				SDKROOT = iphoneos;
				SWIFT_OPTIMIZATION_LEVEL = "-Owholemodule";
				TARGETED_DEVICE_FAMILY = "1,2";
				VALIDATE_PRODUCT = YES;
			};
			name = Release;
		};
		75F1F3BB1E9E0D1F0040943A /* Debug */ = {
			isa = XCBuildConfiguration;
			buildSettings = {
				ASSETCATALOG_COMPILER_APPICON_NAME = AppIcon;
				INFOPLIST_FILE = Canvas2/Info.plist;
				LD_RUNPATH_SEARCH_PATHS = "$(inherited) @executable_path/Frameworks";
				PRODUCT_BUNDLE_IDENTIFIER = com.Richard.Canvas2;
				PRODUCT_NAME = "$(TARGET_NAME)";
				SWIFT_VERSION = 3.0;
			};
			name = Debug;
		};
		75F1F3BC1E9E0D1F0040943A /* Release */ = {
			isa = XCBuildConfiguration;
			buildSettings = {
				ASSETCATALOG_COMPILER_APPICON_NAME = AppIcon;
				INFOPLIST_FILE = Canvas2/Info.plist;
				LD_RUNPATH_SEARCH_PATHS = "$(inherited) @executable_path/Frameworks";
				PRODUCT_BUNDLE_IDENTIFIER = com.Richard.Canvas2;
				PRODUCT_NAME = "$(TARGET_NAME)";
				SWIFT_VERSION = 3.0;
			};
			name = Release;
		};
/* End XCBuildConfiguration section */

/* Begin XCConfigurationList section */
		75F1F3A31E9E0D1F0040943A /* Build configuration list for PBXProject "Canvas2" */ = {
			isa = XCConfigurationList;
			buildConfigurations = (
				75F1F3B81E9E0D1F0040943A /* Debug */,
				75F1F3B91E9E0D1F0040943A /* Release */,
			);
			defaultConfigurationIsVisible = 0;
			defaultConfigurationName = Release;
		};
		75F1F3BA1E9E0D1F0040943A /* Build configuration list for PBXNativeTarget "Canvas2" */ = {
			isa = XCConfigurationList;
			buildConfigurations = (
				75F1F3BB1E9E0D1F0040943A /* Debug */,
				75F1F3BC1E9E0D1F0040943A /* Release */,
			);
			defaultConfigurationIsVisible = 0;
		};
/* End XCConfigurationList section */
	};
	rootObject = 75F1F3A01E9E0D1F0040943A /* Project object */;
}
